<?xml version="1.0" encoding="UTF-8"?>
<!DOCTYPE plist PUBLIC "-//Apple//DTD PLIST 1.0//EN" "http://www.apple.com/DTDs/PropertyList-1.0.dtd">
<plist version="1.0">
<dict>
	<key>archiveVersion</key>
	<string>1</string>
	<key>classes</key>
	<dict/>
	<key>objectVersion</key>
	<string>56</string>
	<key>objects</key>
	<dict>
		<key>0A3E27B8CA818264D75C8D81</key>
		<dict>
			<key>children</key>
			<array>
				<string>A172CEDCAE47474B615C54D5</string>
			</array>
			<key>isa</key>
			<string>PBXGroup</string>
			<key>name</key>
			<string>Products</string>
			<key>sourceTree</key>
			<string>&lt;group&gt;</string>
		</dict>
		<key>0B0C687DF8B6B8DC790B519C</key>
		<dict>
			<key>buildSettings</key>
			<dict>
				<key>CLANG_ENABLE_MODULES</key>
				<string>YES</string>
				<key>DEBUG_INFORMATION_FORMAT</key>
				<string>dwarf-with-dsym</string>
				<key>IPHONEOS_DEPLOYMENT_TARGET</key>
				<string>17.0</string>
				<key>SDKROOT</key>
				<string>iphoneos</string>
				<key>SWIFT_ACTIVE_COMPILATION_CONDITIONS</key>
				<string></string>
				<key>SWIFT_OPTIMIZATION_LEVEL</key>
				<string>-O</string>
				<key>SWIFT_VERSION</key>
				<string>5.0</string>
			</dict>
			<key>isa</key>
			<string>XCBuildConfiguration</string>
			<key>name</key>
			<string>Release</string>
		</dict>
		<key>0D6E4079E36703EBD37C0072</key>
		<dict>
			<key>children</key>
			<array>
				<string>27089C07F415666119DB94F2</string>
				<string>92D1AA1D30B6B9F4E5B351C2</string>
				<string>13FEE1C40D8F87905E29385B</string>
				<string>1E111FAA5263F7D9B2B7C28F</string>
				<string>28DCF63E1EB5F53BA96138B3</string>
				<string>7DF5732CB27563217E27814C</string>
				<string>9BECDBF921DFF8EB08DC0B2C</string>
				<string>170322A32F3C35B2C61576A5</string>
				<string>0A3E27B8CA818264D75C8D81</string>
			</array>
			<key>isa</key>
			<string>PBXGroup</string>
			<key>sourceTree</key>
			<string>&lt;group&gt;</string>
		</dict>
		<key>13FEE1C40D8F87905E29385B</key>
		<dict>
			<key>isa</key>
			<string>PBXFileReference</string>
			<key>lastKnownFileType</key>
			<string>sourcecode.swift</string>
			<key>path</key>
			<string>CalorieCounter/JournalViews.swift</string>
			<key>sourceTree</key>
			<string>&lt;group&gt;</string>
		</dict>
		<key>170322A32F3C35B2C61576A5</key>
		<dict>
			<key>isa</key>
			<string>PBXFileReference</string>
			<key>lastKnownFileType</key>
			<string>text.plist.xml</string>
			<key>path</key>
			<string>CalorieCounter/Info.plist</string>
			<key>sourceTree</key>
			<string>&lt;group&gt;</string>
		</dict>
		<key>1E111FAA5263F7D9B2B7C28F</key>
		<dict>
			<key>isa</key>
			<string>PBXFileReference</string>
			<key>lastKnownFileType</key>
			<string>text.json</string>
			<key>path</key>
			<string>CalorieCounter/Resources/foods.json</string>
			<key>sourceTree</key>
			<string>&lt;group&gt;</string>
		</dict>
		<key>244210E48437B6556980A702</key>
		<dict>
			<key>attributes</key>
			<dict>
				<key>LastUpgradeCheck</key>
				<string>1600</string>
				<key>TargetAttributes</key>
				<dict>
					<key>34A04005BCAF206EEC990BD9</key>
					<dict>
						<key>CreatedOnToolsVersion</key>
						<string>16.0</string>
					</dict>
				</dict>
			</dict>
			<key>buildConfigurationList</key>
			<string>D8463BD3BA4B10E5916F65FA</string>
			<key>compatibilityVersion</key>
			<string>Xcode 14.0</string>
			<key>developmentRegion</key>
			<string>en</string>
			<key>hasScannedForEncodings</key>
			<string>0</string>
			<key>isa</key>
			<string>PBXProject</string>
			<key>knownRegions</key>
			<array>
				<string>en</string>
				<string>Base</string>
			</array>
			<key>mainGroup</key>
			<string>0D6E4079E36703EBD37C0072</string>
			<key>packageReferences</key>
			<array>
				<string>BC4A71180870F7945155FBB0</string>
			</array>
			<key>productRefGroup</key>
			<string>0A3E27B8CA818264D75C8D81</string>
			<key>projectDirPath</key>
			<string></string>
			<key>projectRoot</key>
			<string></string>
			<key>targets</key>
			<array>
				<string>34A04005BCAF206EEC990BD9</string>
			</array>
		</dict>
		<key>27089C07F415666119DB94F2</key>
		<dict>
			<key>isa</key>
			<string>PBXFileReference</string>
			<key>lastKnownFileType</key>
			<string>sourcecode.swift</string>
			<key>path</key>
			<string>CalorieCounter/CalorieCounterApp.swift</string>
			<key>sourceTree</key>
			<string>&lt;group&gt;</string>
		</dict>
		<key>28DCF63E1EB5F53BA96138B3</key>
		<dict>
			<key>isa</key>
			<string>PBXFileReference</string>
			<key>lastKnownFileType</key>
			<string>folder.assetcatalog</string>
			<key>path</key>
			<string>CalorieCounter/Resources/Assets.xcassets</string>
			<key>sourceTree</key>
			<string>&lt;group&gt;</string>
		</dict>
		<key>34A04005BCAF206EEC990BD9</key>
		<dict>
			<key>buildConfigurationList</key>
			<string>8F455BBA4522752C63BBCD2B</string>
			<key>buildPhases</key>
			<array>
				<string>878A52FC5FF6A57D50B7B870</string>
				<string>E2AA269EB967A8853A258BFA</string>
				<string>41D311A605520FC7B8B9A980</string>
			</array>
			<key>buildRules</key>
			<array/>
			<key>dependencies</key>
			<array/>
			<key>isa</key>
			<string>PBXNativeTarget</string>
			<key>name</key>
			<string>CalorieCounter</string>
			<key>packageProductDependencies</key>
			<array>
				<string>5EECEE46504C5204971BB66E</string>
			</array>
			<key>productName</key>
			<string>CalorieCounter</string>
			<key>productReference</key>
			<string>A172CEDCAE47474B615C54D5</string>
			<key>productType</key>
			<string>com.apple.product-type.application</string>
		</dict>
		<key>3ACA0832BD84FCF5976F506C</key>
		<dict>
			<key>fileRef</key>
			<string>92D1AA1D30B6B9F4E5B351C2</string>
			<key>isa</key>
			<string>PBXBuildFile</string>
		</dict>
		<key>41D311A605520FC7B8B9A980</key>
		<dict>
			<key>buildActionMask</key>
			<string>2147483647</string>
			<key>files</key>
			<array>
				<string>AB303D170484DE4CB45E5027</string>
				<string>A6B254F43BBFF472FF96C8F8</string>
				<string>5C1B0FF46B726D04AC6B0079</string>
				<string>611F5A4EE273ECAD1BDD2545</string>
			</array>
			<key>isa</key>
			<string>PBXResourcesBuildPhase</string>
			<key>runOnlyForDeploymentPostprocessing</key>
			<string>0</string>
		</dict>
		<key>5C1B0FF46B726D04AC6B0079</key>
		<dict>
			<key>fileRef</key>
			<string>7DF5732CB27563217E27814C</string>
			<key>isa</key>
			<string>PBXBuildFile</string>
		</dict>
		<key>5EECEE46504C5204971BB66E</key>
		<dict>
			<key>isa</key>
			<string>XCSwiftPackageProductDependency</string>
			<key>package</key>
			<string>BC4A71180870F7945155FBB0</string>
			<key>productName</key>
			<string>CalorieCore</string>
		</dict>
		<key>611F5A4EE273ECAD1BDD2545</key>
		<dict>
			<key>fileRef</key>
			<string>9BECDBF921DFF8EB08DC0B2C</string>
			<key>isa</key>
			<string>PBXBuildFile</string>
		</dict>
		<key>6C7EFF6369083C8E1F2B1994</key>
		<dict>
			<key>buildSettings</key>
			<dict>
				<key>ASSETCATALOG_COMPILER_APPICON_NAME</key>
				<string>AppIcon</string>
				<key>CODE_SIGN_STYLE</key>
				<string>Automatic</string>
				<key>ENABLE_PREVIEWS</key>
				<string>YES</string>
				<key>GENERATE_INFOPLIST_FILE</key>
				<string>NO</string>
				<key>INFOPLIST_FILE</key>
				<string>CalorieCounter/Info.plist</string>
				<key>LD_RUNPATH_SEARCH_PATHS</key>
				<array>
					<string>$(inherited)</string>
					<string>@executable_path/Frameworks</string>
				</array>
				<key>PRODUCT_BUNDLE_IDENTIFIER</key>
				<string>com.gautamnarayan.CalorieCounter</string>
				<key>PRODUCT_NAME</key>
				<string>$(TARGET_NAME)</string>
				<key>SUPPORTED_PLATFORMS</key>
				<string>iphoneos iphonesimulator</string>
				<key>SUPPORTS_MACCATALYST</key>
				<string>NO</string>
				<key>TARGETED_DEVICE_FAMILY</key>
				<string>1</string>
			</dict>
			<key>isa</key>
			<string>XCBuildConfiguration</string>
			<key>name</key>
			<string>Debug</string>
		</dict>
		<key>73EBF6644258C120893E685D</key>
		<dict>
			<key>buildSettings</key>
			<dict>
				<key>CLANG_ENABLE_MODULES</key>
				<string>YES</string>
				<key>DEBUG_INFORMATION_FORMAT</key>
				<string>dwarf</string>
				<key>IPHONEOS_DEPLOYMENT_TARGET</key>
				<string>17.0</string>
				<key>ONLY_ACTIVE_ARCH</key>
				<string>YES</string>
				<key>SDKROOT</key>
				<string>iphoneos</string>
				<key>SWIFT_ACTIVE_COMPILATION_CONDITIONS</key>
				<string>DEBUG</string>
				<key>SWIFT_OPTIMIZATION_LEVEL</key>
				<string>-Onone</string>
				<key>SWIFT_VERSION</key>
				<string>5.0</string>
			</dict>
			<key>isa</key>
			<string>XCBuildConfiguration</string>
			<key>name</key>
			<string>Debug</string>
		</dict>
		<key>7DF5732CB27563217E27814C</key>
		<dict>
			<key>isa</key>
			<string>PBXFileReference</string>
			<key>lastKnownFileType</key>
			<string>file</string>
			<key>path</key>
			<string>CalorieCounter/Resources/general-sans-400.ttf</string>
			<key>sourceTree</key>
			<string>&lt;group&gt;</string>
		</dict>
		<key>8579E100835D2231B797ECB5</key>
		<dict>
			<key>isa</key>
			<string>PBXBuildFile</string>
			<key>productRef</key>
			<string>5EECEE46504C5204971BB66E</string>
		</dict>
		<key>878A52FC5FF6A57D50B7B870</key>
		<dict>
			<key>buildActionMask</key>
			<string>2147483647</string>
			<key>files</key>
			<array>
				<string>A78CC84429A04AD81DC7141C</string>
				<string>3ACA0832BD84FCF5976F506C</string>
				<string>CB3CFAD5CA2BEBD289F7B986</string>
			</array>
			<key>isa</key>
			<string>PBXSourcesBuildPhase</string>
			<key>runOnlyForDeploymentPostprocessing</key>
			<string>0</string>
		</dict>
		<key>8F455BBA4522752C63BBCD2B</key>
		<dict>
			<key>buildConfigurations</key>
			<array>
				<string>6C7EFF6369083C8E1F2B1994</string>
				<string>DD75E2CB1C510A828AC72D96</string>
			</array>
			<key>defaultConfigurationIsVisible</key>
			<string>0</string>
			<key>defaultConfigurationName</key>
			<string>Release</string>
			<key>isa</key>
			<string>XCConfigurationList</string>
		</dict>
		<key>92D1AA1D30B6B9F4E5B351C2</key>
		<dict>
			<key>isa</key>
			<string>PBXFileReference</string>
			<key>lastKnownFileType</key>
			<string>sourcecode.swift</string>
			<key>path</key>
			<string>CalorieCounter/JournalStore.swift</string>
			<key>sourceTree</key>
			<string>&lt;group&gt;</string>
		</dict>
		<key>9BECDBF921DFF8EB08DC0B2C</key>
		<dict>
			<key>isa</key>
			<string>PBXFileReference</string>
			<key>lastKnownFileType</key>
			<string>file</string>
			<key>path</key>
			<string>CalorieCounter/Resources/general-sans-500.ttf</string>
			<key>sourceTree</key>
			<string>&lt;group&gt;</string>
		</dict>
		<key>A172CEDCAE47474B615C54D5</key>
		<dict>
			<key>explicitFileType</key>
			<string>wrapper.application</string>
			<key>includeInIndex</key>
			<string>0</string>
			<key>isa</key>
			<string>PBXFileReference</string>
			<key>path</key>
			<string>CalorieCounter.app</string>
			<key>sourceTree</key>
			<string>BUILT_PRODUCTS_DIR</string>
		</dict>
		<key>A6B254F43BBFF472FF96C8F8</key>
		<dict>
			<key>fileRef</key>
			<string>28DCF63E1EB5F53BA96138B3</string>
			<key>isa</key>
			<string>PBXBuildFile</string>
		</dict>
		<key>A78CC84429A04AD81DC7141C</key>
		<dict>
			<key>fileRef</key>
			<string>27089C07F415666119DB94F2</string>
			<key>isa</key>
			<string>PBXBuildFile</string>
		</dict>
		<key>AB303D170484DE4CB45E5027</key>
		<dict>
			<key>fileRef</key>
			<string>1E111FAA5263F7D9B2B7C28F</string>
			<key>isa</key>
			<string>PBXBuildFile</string>
		</dict>
		<key>BC4A71180870F7945155FBB0</key>
		<dict>
			<key>isa</key>
			<string>XCLocalSwiftPackageReference</string>
			<key>relativePath</key>
			<string>CalorieCore</string>
		</dict>
		<key>CB3CFAD5CA2BEBD289F7B986</key>
		<dict>
			<key>fileRef</key>
			<string>13FEE1C40D8F87905E29385B</string>
			<key>isa</key>
			<string>PBXBuildFile</string>
		</dict>
		<key>D8463BD3BA4B10E5916F65FA</key>
		<dict>
			<key>buildConfigurations</key>
			<array>
				<string>73EBF6644258C120893E685D</string>
				<string>0B0C687DF8B6B8DC790B519C</string>
			</array>
			<key>defaultConfigurationIsVisible</key>
			<string>0</string>
			<key>defaultConfigurationName</key>
			<string>Release</string>
			<key>isa</key>
			<string>XCConfigurationList</string>
		</dict>
		<key>DD75E2CB1C510A828AC72D96</key>
		<dict>
			<key>buildSettings</key>
			<dict>
				<key>ASSETCATALOG_COMPILER_APPICON_NAME</key>
				<string>AppIcon</string>
				<key>CODE_SIGN_STYLE</key>
				<string>Automatic</string>
				<key>ENABLE_PREVIEWS</key>
				<string>YES</string>
				<key>GENERATE_INFOPLIST_FILE</key>
				<string>NO</string>
				<key>INFOPLIST_FILE</key>
				<string>CalorieCounter/Info.plist</string>
				<key>LD_RUNPATH_SEARCH_PATHS</key>
				<array>
					<string>$(inherited)</string>
					<string>@executable_path/Frameworks</string>
				</array>
				<key>PRODUCT_BUNDLE_IDENTIFIER</key>
				<string>com.gautamnarayan.CalorieCounter</string>
				<key>PRODUCT_NAME</key>
				<string>$(TARGET_NAME)</string>
				<key>SUPPORTED_PLATFORMS</key>
				<string>iphoneos iphonesimulator</string>
				<key>SUPPORTS_MACCATALYST</key>
				<string>NO</string>
				<key>TARGETED_DEVICE_FAMILY</key>
				<string>1</string>
			</dict>
			<key>isa</key>
			<string>XCBuildConfiguration</string>
			<key>name</key>
			<string>Release</string>
		</dict>
		<key>E2AA269EB967A8853A258BFA</key>
		<dict>
			<key>buildActionMask</key>
			<string>2147483647</string>
			<key>files</key>
			<array>
				<string>8579E100835D2231B797ECB5</string>
			</array>
			<key>isa</key>
			<string>PBXFrameworksBuildPhase</string>
			<key>runOnlyForDeploymentPostprocessing</key>
			<string>0</string>
		</dict>
	</dict>
	<key>rootObject</key>
	<string>244210E48437B6556980A702</string>
</dict>
</plist>
